
Microsoft Visual Studio Solution File, Format Version 11.00
# Visual Basic Express 2010
Project("{F184B08F-C81C-45F6-A57F-5ABD9991F28F}") = "201700991_COMUNICACIONES", "201700991_COMUNICACIONES\201700991_COMUNICACIONES.vbproj", "{AF4CC561-05A6-476C-AA26-52F703FC8BFB}"
EndProject
Global
	GlobalSection(SolutionConfigurationPlatforms) = preSolution
		Debug|x86 = Debug|x86
		Release|x86 = Release|x86
	EndGlobalSection
	GlobalSection(ProjectConfigurationPlatforms) = postSolution
		{AF4CC561-05A6-476C-AA26-52F703FC8BFB}.Debug|x86.ActiveCfg = Debug|x86
		{AF4CC561-05A6-476C-AA26-52F703FC8BFB}.Debug|x86.Build.0 = Debug|x86
		{AF4CC561-05A6-476C-AA26-52F703FC8BFB}.Release|x86.ActiveCfg = Release|x86
		{AF4CC561-05A6-476C-AA26-52F703FC8BFB}.Release|x86.Build.0 = Release|x86
	EndGlobalSection
	GlobalSection(SolutionProperties) = preSolution
		HideSolutionNode = FALSE
	EndGlobalSection
EndGlobal
